Microsoft Visual Studio Solution File, Format Version 12.00
# Visual Studio Version 16
VisualStudioVersion = 16.0.0.0
MinimumVisualStudioVersion = 16.0.0.0
Project("{9A19103F-16F7-4668-BE54-9A1E7A4F7556}") = "MiniTwit.Server", "Server\MiniTwit.Server.csproj", "{37B00381-57ED-4838-A2EC-ED95295C3B88}"
EndProject
Project("{9A19103F-16F7-4668-BE54-9A1E7A4F7556}") = "MiniTwit.Client", "Client\MiniTwit.Client.csproj", "{4B50FF3F-8BDB-4FFF-8525-1E48BAA1E57C}"
EndProject
Project("{9A19103F-16F7-4668-BE54-9A1E7A4F7556}") = "MiniTwit.Shared", "Shared\MiniTwit.Shared.csproj", "{9921EEB6-7A77-4D22-9904-3A7C662F4D27}"
EndProject
Project("{FAE04EC0-301F-11D3-BF4B-00C04F79EFBC}") = "SlimTwit", "SlimTwit\SlimTwit.csproj", "{487B60AB-7991-495A-97AD-C228A604BCAF}"
EndProject
Project("{FAE04EC0-301F-11D3-BF4B-00C04F79EFBC}") = "Server.Test", "Server.Test\Server.Test.csproj", "{2169995F-493B-4371-9074-8C1C72B6E15C}"
EndProject
Project("{FAE04EC0-301F-11D3-BF4B-00C04F79EFBC}") = "e2e", "e2e\e2e.csproj", "{4865A283-2441-4253-87E9-500D3471A68D}"
EndProject
Global
	GlobalSection(SolutionConfigurationPlatforms) = preSolution
		Debug|Any CPU = Debug|Any CPU
		Debug|x64 = Debug|x64
		Debug|x86 = Debug|x86
		Release|Any CPU = Release|Any CPU
		Release|x64 = Release|x64
		Release|x86 = Release|x86
	EndGlobalSection
	GlobalSection(ProjectConfigurationPlatforms) = postSolution
		{4B50FF3F-8BDB-4FFF-8525-1E48BAA1E57C}.Debug|Any CPU.ActiveCfg = Debug|Any CPU
		{4B50FF3F-8BDB-4FFF-8525-1E48BAA1E57C}.Debug|Any CPU.Build.0 = Debug|Any CPU
		{4B50FF3F-8BDB-4FFF-8525-1E48BAA1E57C}.Debug|x64.ActiveCfg = Debug|Any CPU
		{4B50FF3F-8BDB-4FFF-8525-1E48BAA1E57C}.Debug|x64.Build.0 = Debug|Any CPU
		{4B50FF3F-8BDB-4FFF-8525-1E48BAA1E57C}.Debug|x86.ActiveCfg = Debug|Any CPU
		{4B50FF3F-8BDB-4FFF-8525-1E48BAA1E57C}.Debug|x86.Build.0 = Debug|Any CPU
		{4B50FF3F-8BDB-4FFF-8525-1E48BAA1E57C}.Release|Any CPU.ActiveCfg = Release|Any CPU
		{4B50FF3F-8BDB-4FFF-8525-1E48BAA1E57C}.Release|Any CPU.Build.0 = Release|Any CPU
		{4B50FF3F-8BDB-4FFF-8525-1E48BAA1E57C}.Release|x64.ActiveCfg = Release|Any CPU
		{4B50FF3F-8BDB-4FFF-8525-1E48BAA1E57C}.Release|x64.Build.0 = Release|Any CPU
		{4B50FF3F-8BDB-4FFF-8525-1E48BAA1E57C}.Release|x86.ActiveCfg = Release|Any CPU
		{4B50FF3F-8BDB-4FFF-8525-1E48BAA1E57C}.Release|x86.Build.0 = Release|Any CPU
		{37B00381-57ED-4838-A2EC-ED95295C3B88}.Debug|Any CPU.ActiveCfg = Debug|Any CPU
		{37B00381-57ED-4838-A2EC-ED95295C3B88}.Debug|Any CPU.Build.0 = Debug|Any CPU
		{37B00381-57ED-4838-A2EC-ED95295C3B88}.Debug|x64.ActiveCfg = Debug|Any CPU
		{37B00381-57ED-4838-A2EC-ED95295C3B88}.Debug|x64.Build.0 = Debug|Any CPU
		{37B00381-57ED-4838-A2EC-ED95295C3B88}.Debug|x86.ActiveCfg = Debug|Any CPU
		{37B00381-57ED-4838-A2EC-ED95295C3B88}.Debug|x86.Build.0 = Debug|Any CPU
		{37B00381-57ED-4838-A2EC-ED95295C3B88}.Release|Any CPU.ActiveCfg = Release|Any CPU
		{37B00381-57ED-4838-A2EC-ED95295C3B88}.Release|Any CPU.Build.0 = Release|Any CPU
		{37B00381-57ED-4838-A2EC-ED95295C3B88}.Release|x64.ActiveCfg = Release|Any CPU
		{37B00381-57ED-4838-A2EC-ED95295C3B88}.Release|x64.Build.0 = Release|Any CPU
		{37B00381-57ED-4838-A2EC-ED95295C3B88}.Release|x86.ActiveCfg = Release|Any CPU
		{37B00381-57ED-4838-A2EC-ED95295C3B88}.Release|x86.Build.0 = Release|Any CPU
		{9921EEB6-7A77-4D22-9904-3A7C662F4D27}.Debug|Any CPU.ActiveCfg = Debug|Any CPU
		{9921EEB6-7A77-4D22-9904-3A7C662F4D27}.Debug|Any CPU.Build.0 = Debug|Any CPU
		{9921EEB6-7A77-4D22-9904-3A7C662F4D27}.Debug|x64.ActiveCfg = Debug|Any CPU
		{9921EEB6-7A77-4D22-9904-3A7C662F4D27}.Debug|x64.Build.0 = Debug|Any CPU
		{9921EEB6-7A77-4D22-9904-3A7C662F4D27}.Debug|x86.ActiveCfg = Debug|Any CPU
		{9921EEB6-7A77-4D22-9904-3A7C662F4D27}.Debug|x86.Build.0 = Debug|Any CPU
		{9921EEB6-7A77-4D22-9904-3A7C662F4D27}.Release|Any CPU.ActiveCfg = Release|Any CPU
		{9921EEB6-7A77-4D22-9904-3A7C662F4D27}.Release|Any CPU.Build.0 = Release|Any CPU
		{9921EEB6-7A77-4D22-9904-3A7C662F4D27}.Release|x64.ActiveCfg = Release|Any CPU
		{9921EEB6-7A77-4D22-9904-3A7C662F4D27}.Release|x64.Build.0 = Release|Any CPU
		{9921EEB6-7A77-4D22-9904-3A7C662F4D27}.Release|x86.ActiveCfg = Release|Any CPU
		{9921EEB6-7A77-4D22-9904-3A7C662F4D27}.Release|x86.Build.0 = Release|Any CPU
		{7436C7CF-9090-4DD9-AE1E-24C601E5018D}.Debug|Any CPU.ActiveCfg = Debug|Any CPU
		{7436C7CF-9090-4DD9-AE1E-24C601E5018D}.Debug|Any CPU.Build.0 = Debug|Any CPU
		{7436C7CF-9090-4DD9-AE1E-24C601E5018D}.Debug|x64.ActiveCfg = Debug|Any CPU
		{7436C7CF-9090-4DD9-AE1E-24C601E5018D}.Debug|x64.Build.0 = Debug|Any CPU
		{7436C7CF-9090-4DD9-AE1E-24C601E5018D}.Debug|x86.ActiveCfg = Debug|Any CPU
		{7436C7CF-9090-4DD9-AE1E-24C601E5018D}.Debug|x86.Build.0 = Debug|Any CPU
		{7436C7CF-9090-4DD9-AE1E-24C601E5018D}.Release|Any CPU.ActiveCfg = Release|Any CPU
		{7436C7CF-9090-4DD9-AE1E-24C601E5018D}.Release|Any CPU.Build.0 = Release|Any CPU
		{7436C7CF-9090-4DD9-AE1E-24C601E5018D}.Release|x64.ActiveCfg = Release|Any CPU
		{7436C7CF-9090-4DD9-AE1E-24C601E5018D}.Release|x64.Build.0 = Release|Any CPU
		{7436C7CF-9090-4DD9-AE1E-24C601E5018D}.Release|x86.ActiveCfg = Release|Any CPU
		{7436C7CF-9090-4DD9-AE1E-24C601E5018D}.Release|x86.Build.0 = Release|Any CPU
		{487B60AB-7991-495A-97AD-C228A604BCAF}.Debug|Any CPU.ActiveCfg = Debug|Any CPU
		{487B60AB-7991-495A-97AD-C228A604BCAF}.Debug|Any CPU.Build.0 = Debug|Any CPU
		{487B60AB-7991-495A-97AD-C228A604BCAF}.Debug|x64.ActiveCfg = Debug|Any CPU
		{487B60AB-7991-495A-97AD-C228A604BCAF}.Debug|x64.Build.0 = Debug|Any CPU
		{487B60AB-7991-495A-97AD-C228A604BCAF}.Debug|x86.ActiveCfg = Debug|Any CPU
		{487B60AB-7991-495A-97AD-C228A604BCAF}.Debug|x86.Build.0 = Debug|Any CPU
		{487B60AB-7991-495A-97AD-C228A604BCAF}.Release|Any CPU.ActiveCfg = Release|Any CPU
		{487B60AB-7991-495A-97AD-C228A604BCAF}.Release|Any CPU.Build.0 = Release|Any CPU
		{487B60AB-7991-495A-97AD-C228A604BCAF}.Release|x64.ActiveCfg = Release|Any CPU
		{487B60AB-7991-495A-97AD-C228A604BCAF}.Release|x64.Build.0 = Release|Any CPU
		{487B60AB-7991-495A-97AD-C228A604BCAF}.Release|x86.ActiveCfg = Release|Any CPU
		{487B60AB-7991-495A-97AD-C228A604BCAF}.Release|x86.Build.0 = Release|Any CPU
		{2169995F-493B-4371-9074-8C1C72B6E15C}.Debug|Any CPU.ActiveCfg = Debug|Any CPU
		{2169995F-493B-4371-9074-8C1C72B6E15C}.Debug|Any CPU.Build.0 = Debug|Any CPU
		{2169995F-493B-4371-9074-8C1C72B6E15C}.Debug|x64.ActiveCfg = Debug|Any CPU
		{2169995F-493B-4371-9074-8C1C72B6E15C}.Debug|x64.Build.0 = Debug|Any CPU
		{2169995F-493B-4371-9074-8C1C72B6E15C}.Debug|x86.ActiveCfg = Debug|Any CPU
		{2169995F-493B-4371-9074-8C1C72B6E15C}.Debug|x86.Build.0 = Debug|Any CPU
		{2169995F-493B-4371-9074-8C1C72B6E15C}.Release|Any CPU.ActiveCfg = Release|Any CPU
		{2169995F-493B-4371-9074-8C1C72B6E15C}.Release|Any CPU.Build.0 = Release|Any CPU
		{2169995F-493B-4371-9074-8C1C72B6E15C}.Release|x64.ActiveCfg = Release|Any CPU
		{2169995F-493B-4371-9074-8C1C72B6E15C}.Release|x64.Build.0 = Release|Any CPU
		{2169995F-493B-4371-9074-8C1C72B6E15C}.Release|x86.ActiveCfg = Release|Any CPU
		{2169995F-493B-4371-9074-8C1C72B6E15C}.Release|x86.Build.0 = Release|Any CPU
		{4865A283-2441-4253-87E9-500D3471A68D}.Debug|Any CPU.ActiveCfg = Debug|Any CPU
		{4865A283-2441-4253-87E9-500D3471A68D}.Debug|Any CPU.Build.0 = Debug|Any CPU
		{4865A283-2441-4253-87E9-500D3471A68D}.Debug|x64.ActiveCfg = Debug|Any CPU
		{4865A283-2441-4253-87E9-500D3471A68D}.Debug|x64.Build.0 = Debug|Any CPU
		{4865A283-2441-4253-87E9-500D3471A68D}.Debug|x86.ActiveCfg = Debug|Any CPU
		{4865A283-2441-4253-87E9-500D3471A68D}.Debug|x86.Build.0 = Debug|Any CPU
		{4865A283-2441-4253-87E9-500D3471A68D}.Release|Any CPU.ActiveCfg = Release|Any CPU
		{4865A283-2441-4253-87E9-500D3471A68D}.Release|Any CPU.Build.0 = Release|Any CPU
		{4865A283-2441-4253-87E9-500D3471A68D}.Release|x64.ActiveCfg = Release|Any CPU
		{4865A283-2441-4253-87E9-500D3471A68D}.Release|x64.Build.0 = Release|Any CPU
		{4865A283-2441-4253-87E9-500D3471A68D}.Release|x86.ActiveCfg = Release|Any CPU
		{4865A283-2441-4253-87E9-500D3471A68D}.Release|x86.Build.0 = Release|Any CPU
	EndGlobalSection
	GlobalSection(SolutionProperties) = preSolution
		HideSolutionNode = FALSE
	EndGlobalSection
	GlobalSection(ExtensibilityGlobals) = postSolution
		SolutionGuid = {54B5180E-47EE-4705-904B-3860B7915B0A}
	EndGlobalSection
EndGlobal
