{
  "version": 4,
  "terraform_version": "1.4.6",
  "serial": 23,
  "lineage": "a00bd850-4f30-3ffa-7bb7-6c0689160393",
  "outputs": {},
  "resources": [
    {
      "mode": "managed",
      "type": "digitalocean_droplet",
      "name": "slimtwit",
      "provider": "provider[\"registry.terraform.io/digitalocean/digitalocean\"]",
      "instances": []
    },
    {
      "mode": "managed",
      "type": "digitalocean_droplet",
      "name": "slimtwit-swarm-manager",
      "provider": "provider[\"registry.terraform.io/digitalocean/digitalocean\"]",
      "instances": [
        {
          "status": "tainted",
          "schema_version": 1,
          "attributes": {
            "backups": false,
            "created_at": "2023-05-02T12:06:07Z",
            "disk": 25,
            "droplet_agent": null,
            "graceful_shutdown": false,
            "id": "353371599",
            "image": "docker-18-04",
            "ipv4_address": "134.122.69.244",
            "ipv4_address_private": "10.114.0.4",
            "ipv6": false,
            "ipv6_address": "",
            "locked": false,
            "memory": 1024,
            "monitoring": false,
            "name": "sim-swarm-manager",
            "price_hourly": 0.00893,
            "price_monthly": 6,
            "private_networking": true,
            "region": "fra1",
            "resize_disk": true,
            "size": "s-1vcpu-1gb",
            "ssh_keys": [
              "31:c5:61:60:ca:ca:a9:d5:9c:48:2f:44:a4:35:27:c1"
            ],
            "status": "active",
            "tags": [
              "taerteform"
            ],
            "timeouts": null,
            "urn": "do:droplet:353371599",
            "user_data": null,
            "vcpus": 1,
            "volume_ids": [],
            "vpc_uuid": "239d0125-6908-4c66-a3a4-7d4dff28de17"
          },
          "sensitive_attributes": [],
          "private": "eyJlMmJmYjczMC1lY2FhLTExZTYtOGY4OC0zNDM2M2JjN2M0YzAiOnsiY3JlYXRlIjozNjAwMDAwMDAwMDAwLCJkZWxldGUiOjYwMDAwMDAwMDAwLCJ1cGRhdGUiOjM2MDAwMDAwMDAwMDB9LCJzY2hlbWFfdmVyc2lvbiI6IjEifQ==",
          "dependencies": [
            "digitalocean_ssh_key.minitwit",
            "digitalocean_tag.taerteform"
          ]
        }
      ]
    },
    {
      "mode": "managed",
      "type": "digitalocean_ssh_key",
      "name": "minitwit",
      "provider": "provider[\"registry.terraform.io/digitalocean/digitalocean\"]",
      "instances": [
        {
          "schema_version": 0,
          "attributes": {
            "fingerprint": "31:c5:61:60:ca:ca:a9:d5:9c:48:2f:44:a4:35:27:c1",
            "id": "38201509",
            "name": "tf",
            "public_key": "ssh-rsa AAAAB3NzaC1yc2EAAAADAQABAAABgQD+MsZFMc5LHrRfeFxhAWx6fq3r0Uf5bOrQJPwa22y/sQsWAhODQZJpCAbuNglNUuRbqCWGFOcEFVLgRlZpfY6nQjI/9HPVGyT0C5HW7gcRLO1sI9Tx79GdFANUKOjN7Cr0+5nn6PmuXHON4uDouv7sKm5O3u6WyNZpt3a0LaiprWbkrli29Ks+k0sGOg/LuRqffrXKVWMiM6d7qGJA37WjaFTWPbHCWIdnXYyXh3Bm/eagc1q6bUyedrbwqzzqQyW9ZWiBlEJX4+Rl6M0Ph9khdr+I2BjxjeDV7vid3V8Im8xL3W8KyEjBesEGLFgS/2x0Q/K2kf4Pl9BiE4Ob8RcdKH0cQUKp/oz79jV7kXNg4Y43QHCVzLI3o2r287k0c+zfdXmlywif5C84nxVy9AbjSu3+B+MxY3UVmuLPIRz6Zddsk/byQCFd0NXsQpP8MGgGol6PWsIOp8FFeXMpfI+eQpUhvHU6DeC0zSkZcrigS1/GshOxU2d49UIsVzTOAt8= lunero@DESKTOP-E45ADM1\r\n"
          },
          "sensitive_attributes": [],
          "private": "bnVsbA=="
        }
      ]
    },
    {
      "mode": "managed",
      "type": "digitalocean_tag",
      "name": "taerteform",
      "provider": "provider[\"registry.terraform.io/digitalocean/digitalocean\"]",
      "instances": [
        {
          "schema_version": 0,
          "attributes": {
            "databases_count": 0,
            "droplets_count": 0,
            "id": "taerteform",
            "images_count": 0,
            "name": "taerteform",
            "total_resource_count": 0,
            "volume_snapshots_count": 0,
            "volumes_count": 0
          },
          "sensitive_attributes": [],
          "private": "bnVsbA=="
        }
      ]
    }
  ],
  "check_results": null
}
